// !$*UTF8*$!
{
	archiveVersion = 1;
	classes = {
	};
	objectVersion = 56;
	objects = {

/* Begin PBXBuildFile section */
		20B20730DD9FEA79E9E8F4F7 /* Pods_IbanRecognizerTests.framework in Frameworks */ = {isa = PBXBuildFile; fileRef = 5A31180EE86C3DF78D486A32 /* Pods_IbanRecognizerTests.framework */; };
		3283ABDBC08150CE44C7FA24 /* Pods_IbanRecognizer.framework in Frameworks */ = {isa = PBXBuildFile; fileRef = 74D0D04C6282B9249F32460B /* Pods_IbanRecognizer.framework */; };
		38C8AB092CE52C2F000EB4FA /* IbanRecognizerApp.swift in Sources */ = {isa = PBXBuildFile; fileRef = 38C8AB082CE52C2F000EB4FA /* IbanRecognizerApp.swift */; };
		38C8AB0B2CE52C2F000EB4FA /* ContentView.swift in Sources */ = {isa = PBXBuildFile; fileRef = 38C8AB0A2CE52C2F000EB4FA /* ContentView.swift */; };
		38C8AB0D2CE52C31000EB4FA /* Assets.xcassets in Resources */ = {isa = PBXBuildFile; fileRef = 38C8AB0C2CE52C31000EB4FA /* Assets.xcassets */; };
		38C8AB102CE52C31000EB4FA /* Preview Assets.xcassets in Resources */ = {isa = PBXBuildFile; fileRef = 38C8AB0F2CE52C31000EB4FA /* Preview Assets.xcassets */; };
		38C8AB1A2CE52C31000EB4FA /* IbanRecognizerTests.swift in Sources */ = {isa = PBXBuildFile; fileRef = 38C8AB192CE52C31000EB4FA /* IbanRecognizerTests.swift */; };
		38C8AB242CE52C32000EB4FA /* IbanRecognizerUITests.swift in Sources */ = {isa = PBXBuildFile; fileRef = 38C8AB232CE52C32000EB4FA /* IbanRecognizerUITests.swift */; };
		38C8AB262CE52C32000EB4FA /* IbanRecognizerUITestsLaunchTests.swift in Sources */ = {isa = PBXBuildFile; fileRef = 38C8AB252CE52C32000EB4FA /* IbanRecognizerUITestsLaunchTests.swift */; };
		38C8AB372CE56080000EB4FA /* TransactionContentView.swift in Sources */ = {isa = PBXBuildFile; fileRef = 38C8AB352CE55F28000EB4FA /* TransactionContentView.swift */; };
		38C8AB3B2CE56793000EB4FA /* GhostView.swift in Sources */ = {isa = PBXBuildFile; fileRef = 38C8AB3A2CE56793000EB4FA /* GhostView.swift */; };
		38C8AB3D2CE56A92000EB4FA /* UnderlinedTextField.swift in Sources */ = {isa = PBXBuildFile; fileRef = 38C8AB3C2CE56A92000EB4FA /* UnderlinedTextField.swift */; };
		38C8AB412CE570A7000EB4FA /* ScannerView.swift in Sources */ = {isa = PBXBuildFile; fileRef = 38C8AB402CE570A7000EB4FA /* ScannerView.swift */; };
		38C8AB512CE57D6F000EB4FA /* swiftgen.yml in Resources */ = {isa = PBXBuildFile; fileRef = 38C8AB502CE57D6F000EB4FA /* swiftgen.yml */; };
		38C8AB5F2CE584E9000EB4FA /* Localizable.strings in Resources */ = {isa = PBXBuildFile; fileRef = 38C8AB5D2CE584E9000EB4FA /* Localizable.strings */; };
		38C8AB612CE5865A000EB4FA /* Strings+Generated.swift in Sources */ = {isa = PBXBuildFile; fileRef = 38C8AB602CE5865A000EB4FA /* Strings+Generated.swift */; };
		A7E3607D5451BF57C8C9567D /* Pods_IbanRecognizer_IbanRecognizerUITests.framework in Frameworks */ = {isa = PBXBuildFile; fileRef = BFCD10E68A847581522EF8A0 /* Pods_IbanRecognizer_IbanRecognizerUITests.framework */; };
		BB2C51442CEA32BB00EF8CAC /* StringExtension.swift in Sources */ = {isa = PBXBuildFile; fileRef = BB2C51432CEA32BB00EF8CAC /* StringExtension.swift */; };
		BB2C51462CEA581900EF8CAC /* IBANSheetView.swift in Sources */ = {isa = PBXBuildFile; fileRef = BB2C51452CEA581900EF8CAC /* IBANSheetView.swift */; };
		BB2C51482CEBBDCB00EF8CAC /* CameraManagerTests.swift in Sources */ = {isa = PBXBuildFile; fileRef = BB2C51472CEBBDCB00EF8CAC /* CameraManagerTests.swift */; };
		BB2C514A2CEBC1BC00EF8CAC /* CameraManager.swift in Sources */ = {isa = PBXBuildFile; fileRef = BBC9E4252CE7A5EE009BF9F4 /* CameraManager.swift */; };
		BB2C51542CECE34000EF8CAC /* ScannerViewTests.swift in Sources */ = {isa = PBXBuildFile; fileRef = BB2C51532CECE34000EF8CAC /* ScannerViewTests.swift */; };
		BB2C51562CECE70100EF8CAC /* ScannerViewModelTests.swift in Sources */ = {isa = PBXBuildFile; fileRef = BB2C51552CECE70100EF8CAC /* ScannerViewModelTests.swift */; };
		BBC9E4292CE7A79E009BF9F4 /* CMSampleBufferExtension.swift in Sources */ = {isa = PBXBuildFile; fileRef = BBC9E4282CE7A79E009BF9F4 /* CMSampleBufferExtension.swift */; };
		BBC9E42D2CE7ABB0009BF9F4 /* ScannerViewModel.swift in Sources */ = {isa = PBXBuildFile; fileRef = BBC9E42C2CE7ABB0009BF9F4 /* ScannerViewModel.swift */; };
		BBF10A3F2CF8F5EC001D8DCE /* TextRecognitionManager.swift in Sources */ = {isa = PBXBuildFile; fileRef = BBF10A3E2CF8F5EC001D8DCE /* TextRecognitionManager.swift */; };
		BBF10A472CF90503001D8DCE /* CIImageExtension.swift in Sources */ = {isa = PBXBuildFile; fileRef = BBF10A462CF90503001D8DCE /* CIImageExtension.swift */; };
		BBF10A4B2CF919C9001D8DCE /* TextRecognitionManagerTests.swift in Sources */ = {isa = PBXBuildFile; fileRef = BBF10A4A2CF919C9001D8DCE /* TextRecognitionManagerTests.swift */; };
		BBF10A4D2CF939C7001D8DCE /* IBANValidatorManager.swift in Sources */ = {isa = PBXBuildFile; fileRef = BBF10A4C2CF939C6001D8DCE /* IBANValidatorManager.swift */; };
/* End PBXBuildFile section */

/* Begin PBXContainerItemProxy section */
		38C8AB162CE52C31000EB4FA /* PBXContainerItemProxy */ = {
			isa = PBXContainerItemProxy;
			containerPortal = 38C8AAFD2CE52C2F000EB4FA /* Project object */;
			proxyType = 1;
			remoteGlobalIDString = 38C8AB042CE52C2F000EB4FA;
			remoteInfo = IbanRecognizer;
		};
		38C8AB202CE52C32000EB4FA /* PBXContainerItemProxy */ = {
			isa = PBXContainerItemProxy;
			containerPortal = 38C8AAFD2CE52C2F000EB4FA /* Project object */;
			proxyType = 1;
			remoteGlobalIDString = 38C8AB042CE52C2F000EB4FA;
			remoteInfo = IbanRecognizer;
		};
/* End PBXContainerItemProxy section */

/* Begin PBXFileReference section */
		2CD3F37E58725E6B0053420C /* Pods-IbanRecognizer.release.xcconfig */ = {isa = PBXFileReference; includeInIndex = 1; lastKnownFileType = text.xcconfig; name = "Pods-IbanRecognizer.release.xcconfig"; path = "Target Support Files/Pods-IbanRecognizer/Pods-IbanRecognizer.release.xcconfig"; sourceTree = "<group>"; };
		38C8AB052CE52C2F000EB4FA /* IbanRecognizer.app */ = {isa = PBXFileReference; explicitFileType = wrapper.application; includeInIndex = 0; path = IbanRecognizer.app; sourceTree = BUILT_PRODUCTS_DIR; };
		38C8AB082CE52C2F000EB4FA /* IbanRecognizerApp.swift */ = {isa = PBXFileReference; lastKnownFileType = sourcecode.swift; path = IbanRecognizerApp.swift; sourceTree = "<group>"; };
		38C8AB0A2CE52C2F000EB4FA /* ContentView.swift */ = {isa = PBXFileReference; lastKnownFileType = sourcecode.swift; path = ContentView.swift; sourceTree = "<group>"; };
		38C8AB0C2CE52C31000EB4FA /* Assets.xcassets */ = {isa = PBXFileReference; lastKnownFileType = folder.assetcatalog; path = Assets.xcassets; sourceTree = "<group>"; };
		38C8AB0F2CE52C31000EB4FA /* Preview Assets.xcassets */ = {isa = PBXFileReference; lastKnownFileType = folder.assetcatalog; path = "Preview Assets.xcassets"; sourceTree = "<group>"; };
		38C8AB152CE52C31000EB4FA /* IbanRecognizerTests.xctest */ = {isa = PBXFileReference; explicitFileType = wrapper.cfbundle; includeInIndex = 0; path = IbanRecognizerTests.xctest; sourceTree = BUILT_PRODUCTS_DIR; };
		38C8AB192CE52C31000EB4FA /* IbanRecognizerTests.swift */ = {isa = PBXFileReference; lastKnownFileType = sourcecode.swift; path = IbanRecognizerTests.swift; sourceTree = "<group>"; };
		38C8AB1F2CE52C32000EB4FA /* IbanRecognizerUITests.xctest */ = {isa = PBXFileReference; explicitFileType = wrapper.cfbundle; includeInIndex = 0; path = IbanRecognizerUITests.xctest; sourceTree = BUILT_PRODUCTS_DIR; };
		38C8AB232CE52C32000EB4FA /* IbanRecognizerUITests.swift */ = {isa = PBXFileReference; lastKnownFileType = sourcecode.swift; path = IbanRecognizerUITests.swift; sourceTree = "<group>"; };
		38C8AB252CE52C32000EB4FA /* IbanRecognizerUITestsLaunchTests.swift */ = {isa = PBXFileReference; lastKnownFileType = sourcecode.swift; path = IbanRecognizerUITestsLaunchTests.swift; sourceTree = "<group>"; };
		38C8AB352CE55F28000EB4FA /* TransactionContentView.swift */ = {isa = PBXFileReference; lastKnownFileType = sourcecode.swift; path = TransactionContentView.swift; sourceTree = "<group>"; };
		38C8AB3A2CE56793000EB4FA /* GhostView.swift */ = {isa = PBXFileReference; lastKnownFileType = sourcecode.swift; path = GhostView.swift; sourceTree = "<group>"; };
		38C8AB3C2CE56A92000EB4FA /* UnderlinedTextField.swift */ = {isa = PBXFileReference; lastKnownFileType = sourcecode.swift; path = UnderlinedTextField.swift; sourceTree = "<group>"; };
		38C8AB402CE570A7000EB4FA /* ScannerView.swift */ = {isa = PBXFileReference; lastKnownFileType = sourcecode.swift; path = ScannerView.swift; sourceTree = "<group>"; };
		38C8AB502CE57D6F000EB4FA /* swiftgen.yml */ = {isa = PBXFileReference; fileEncoding = 4; lastKnownFileType = text.yaml; path = swiftgen.yml; sourceTree = "<group>"; };
		38C8AB5E2CE584E9000EB4FA /* Base */ = {isa = PBXFileReference; lastKnownFileType = text.plist.strings; name = Base; path = Base.lproj/Localizable.strings; sourceTree = "<group>"; };
		38C8AB602CE5865A000EB4FA /* Strings+Generated.swift */ = {isa = PBXFileReference; fileEncoding = 4; lastKnownFileType = sourcecode.swift; path = "Strings+Generated.swift"; sourceTree = "<group>"; };
		5A31180EE86C3DF78D486A32 /* Pods_IbanRecognizerTests.framework */ = {isa = PBXFileReference; explicitFileType = wrapper.framework; includeInIndex = 0; path = Pods_IbanRecognizerTests.framework; sourceTree = BUILT_PRODUCTS_DIR; };
		5CD94295C49CFC8BEECBE590 /* Pods-IbanRecognizer-IbanRecognizerUITests.debug.xcconfig */ = {isa = PBXFileReference; includeInIndex = 1; lastKnownFileType = text.xcconfig; name = "Pods-IbanRecognizer-IbanRecognizerUITests.debug.xcconfig"; path = "Target Support Files/Pods-IbanRecognizer-IbanRecognizerUITests/Pods-IbanRecognizer-IbanRecognizerUITests.debug.xcconfig"; sourceTree = "<group>"; };
		6AF2D1DBA9B3329A793A9FF6 /* Pods-IbanRecognizerTests.debug.xcconfig */ = {isa = PBXFileReference; includeInIndex = 1; lastKnownFileType = text.xcconfig; name = "Pods-IbanRecognizerTests.debug.xcconfig"; path = "Target Support Files/Pods-IbanRecognizerTests/Pods-IbanRecognizerTests.debug.xcconfig"; sourceTree = "<group>"; };
		74D0D04C6282B9249F32460B /* Pods_IbanRecognizer.framework */ = {isa = PBXFileReference; explicitFileType = wrapper.framework; includeInIndex = 0; path = Pods_IbanRecognizer.framework; sourceTree = BUILT_PRODUCTS_DIR; };
		96F10EE3A7FE769DC587BCA5 /* Pods-IbanRecognizer.debug.xcconfig */ = {isa = PBXFileReference; includeInIndex = 1; lastKnownFileType = text.xcconfig; name = "Pods-IbanRecognizer.debug.xcconfig"; path = "Target Support Files/Pods-IbanRecognizer/Pods-IbanRecognizer.debug.xcconfig"; sourceTree = "<group>"; };
		A044186BD53B347AE9BD222C /* Pods-IbanRecognizerTests.release.xcconfig */ = {isa = PBXFileReference; includeInIndex = 1; lastKnownFileType = text.xcconfig; name = "Pods-IbanRecognizerTests.release.xcconfig"; path = "Target Support Files/Pods-IbanRecognizerTests/Pods-IbanRecognizerTests.release.xcconfig"; sourceTree = "<group>"; };
		ACD7EFA825B33141F1154693 /* Pods-IbanRecognizer-IbanRecognizerUITests.release.xcconfig */ = {isa = PBXFileReference; includeInIndex = 1; lastKnownFileType = text.xcconfig; name = "Pods-IbanRecognizer-IbanRecognizerUITests.release.xcconfig"; path = "Target Support Files/Pods-IbanRecognizer-IbanRecognizerUITests/Pods-IbanRecognizer-IbanRecognizerUITests.release.xcconfig"; sourceTree = "<group>"; };
		BB2C51392CE8169D00EF8CAC /* libc++.tbd */ = {isa = PBXFileReference; lastKnownFileType = "sourcecode.text-based-dylib-definition"; name = "libc++.tbd"; path = "usr/lib/libc++.tbd"; sourceTree = SDKROOT; };
		BB2C51432CEA32BB00EF8CAC /* StringExtension.swift */ = {isa = PBXFileReference; lastKnownFileType = sourcecode.swift; path = StringExtension.swift; sourceTree = "<group>"; };
		BB2C51452CEA581900EF8CAC /* IBANSheetView.swift */ = {isa = PBXFileReference; lastKnownFileType = sourcecode.swift; path = IBANSheetView.swift; sourceTree = "<group>"; };
		BB2C51472CEBBDCB00EF8CAC /* CameraManagerTests.swift */ = {isa = PBXFileReference; lastKnownFileType = sourcecode.swift; path = CameraManagerTests.swift; sourceTree = "<group>"; };
		BB2C51532CECE34000EF8CAC /* ScannerViewTests.swift */ = {isa = PBXFileReference; lastKnownFileType = sourcecode.swift; path = ScannerViewTests.swift; sourceTree = "<group>"; };
		BB2C51552CECE70100EF8CAC /* ScannerViewModelTests.swift */ = {isa = PBXFileReference; lastKnownFileType = sourcecode.swift; path = ScannerViewModelTests.swift; sourceTree = "<group>"; };
		BBC9E4252CE7A5EE009BF9F4 /* CameraManager.swift */ = {isa = PBXFileReference; lastKnownFileType = sourcecode.swift; path = CameraManager.swift; sourceTree = "<group>"; };
		BBC9E4282CE7A79E009BF9F4 /* CMSampleBufferExtension.swift */ = {isa = PBXFileReference; lastKnownFileType = sourcecode.swift; path = CMSampleBufferExtension.swift; sourceTree = "<group>"; };
		BBC9E42C2CE7ABB0009BF9F4 /* ScannerViewModel.swift */ = {isa = PBXFileReference; lastKnownFileType = sourcecode.swift; path = ScannerViewModel.swift; sourceTree = "<group>"; };
		BBF10A3E2CF8F5EC001D8DCE /* TextRecognitionManager.swift */ = {isa = PBXFileReference; lastKnownFileType = sourcecode.swift; path = TextRecognitionManager.swift; sourceTree = "<group>"; };
		BBF10A462CF90503001D8DCE /* CIImageExtension.swift */ = {isa = PBXFileReference; lastKnownFileType = sourcecode.swift; path = CIImageExtension.swift; sourceTree = "<group>"; };
		BBF10A4A2CF919C9001D8DCE /* TextRecognitionManagerTests.swift */ = {isa = PBXFileReference; lastKnownFileType = sourcecode.swift; path = TextRecognitionManagerTests.swift; sourceTree = "<group>"; };
		BBF10A4C2CF939C6001D8DCE /* IBANValidatorManager.swift */ = {isa = PBXFileReference; lastKnownFileType = sourcecode.swift; path = IBANValidatorManager.swift; sourceTree = "<group>"; };
		BFCD10E68A847581522EF8A0 /* Pods_IbanRecognizer_IbanRecognizerUITests.framework */ = {isa = PBXFileReference; explicitFileType = wrapper.framework; includeInIndex = 0; path = Pods_IbanRecognizer_IbanRecognizerUITests.framework; sourceTree = BUILT_PRODUCTS_DIR; };
/* End PBXFileReference section */

/* Begin PBXFrameworksBuildPhase section */
		38C8AB022CE52C2F000EB4FA /* Frameworks */ = {
			isa = PBXFrameworksBuildPhase;
			buildActionMask = 2147483647;
			files = (
				3283ABDBC08150CE44C7FA24 /* Pods_IbanRecognizer.framework in Frameworks */,
			);
			runOnlyForDeploymentPostprocessing = 0;
		};
		38C8AB122CE52C31000EB4FA /* Frameworks */ = {
			isa = PBXFrameworksBuildPhase;
			buildActionMask = 2147483647;
			files = (
				20B20730DD9FEA79E9E8F4F7 /* Pods_IbanRecognizerTests.framework in Frameworks */,
			);
			runOnlyForDeploymentPostprocessing = 0;
		};
		38C8AB1C2CE52C32000EB4FA /* Frameworks */ = {
			isa = PBXFrameworksBuildPhase;
			buildActionMask = 2147483647;
			files = (
				A7E3607D5451BF57C8C9567D /* Pods_IbanRecognizer_IbanRecognizerUITests.framework in Frameworks */,
			);
			runOnlyForDeploymentPostprocessing = 0;
		};
/* End PBXFrameworksBuildPhase section */

/* Begin PBXGroup section */
		38C8AAFC2CE52C2F000EB4FA = {
			isa = PBXGroup;
			children = (
				38C8AB5D2CE584E9000EB4FA /* Localizable.strings */,
				38C8AB502CE57D6F000EB4FA /* swiftgen.yml */,
				38C8AB072CE52C2F000EB4FA /* IbanRecognizer */,
				38C8AB182CE52C31000EB4FA /* IbanRecognizerTests */,
				38C8AB222CE52C32000EB4FA /* IbanRecognizerUITests */,
				38C8AB062CE52C2F000EB4FA /* Products */,
				E10FC7BCCC07558A9438B68F /* Pods */,
				D55D306B893A31E9677A073E /* Frameworks */,
			);
			sourceTree = "<group>";
		};
		38C8AB062CE52C2F000EB4FA /* Products */ = {
			isa = PBXGroup;
			children = (
				38C8AB052CE52C2F000EB4FA /* IbanRecognizer.app */,
				38C8AB152CE52C31000EB4FA /* IbanRecognizerTests.xctest */,
				38C8AB1F2CE52C32000EB4FA /* IbanRecognizerUITests.xctest */,
			);
			name = Products;
			sourceTree = "<group>";
		};
		38C8AB072CE52C2F000EB4FA /* IbanRecognizer */ = {
			isa = PBXGroup;
			children = (
				38C8AB522CE57DC7000EB4FA /* Generated */,
				BBC9E4272CE7A77E009BF9F4 /* Extensions */,
				BBC9E4242CE7A5BF009BF9F4 /* Managers */,
				38C8AB382CE560A0000EB4FA /* Views */,
				38C8AB082CE52C2F000EB4FA /* IbanRecognizerApp.swift */,
				38C8AB0C2CE52C31000EB4FA /* Assets.xcassets */,
				38C8AB0E2CE52C31000EB4FA /* Preview Content */,
			);
			path = IbanRecognizer;
			sourceTree = "<group>";
		};
		38C8AB0E2CE52C31000EB4FA /* Preview Content */ = {
			isa = PBXGroup;
			children = (
				38C8AB0F2CE52C31000EB4FA /* Preview Assets.xcassets */,
			);
			path = "Preview Content";
			sourceTree = "<group>";
		};
		38C8AB182CE52C31000EB4FA /* IbanRecognizerTests */ = {
			isa = PBXGroup;
			children = (
				BBF10A4A2CF919C9001D8DCE /* TextRecognitionManagerTests.swift */,
				38C8AB192CE52C31000EB4FA /* IbanRecognizerTests.swift */,
				BB2C51472CEBBDCB00EF8CAC /* CameraManagerTests.swift */,
				BB2C51532CECE34000EF8CAC /* ScannerViewTests.swift */,
				BB2C51552CECE70100EF8CAC /* ScannerViewModelTests.swift */,
			);
			path = IbanRecognizerTests;
			sourceTree = "<group>";
		};
		38C8AB222CE52C32000EB4FA /* IbanRecognizerUITests */ = {
			isa = PBXGroup;
			children = (
				38C8AB232CE52C32000EB4FA /* IbanRecognizerUITests.swift */,
				38C8AB252CE52C32000EB4FA /* IbanRecognizerUITestsLaunchTests.swift */,
			);
			path = IbanRecognizerUITests;
			sourceTree = "<group>";
		};
		38C8AB382CE560A0000EB4FA /* Views */ = {
			isa = PBXGroup;
			children = (
				38C8AB3F2CE5708D000EB4FA /* ScannerView */,
				38C8AB3E2CE57078000EB4FA /* TransactionView */,
				38C8AB392CE565AA000EB4FA /* Common */,
				38C8AB0A2CE52C2F000EB4FA /* ContentView.swift */,
			);
			path = Views;
			sourceTree = "<group>";
		};
		38C8AB392CE565AA000EB4FA /* Common */ = {
			isa = PBXGroup;
			children = (
				38C8AB3A2CE56793000EB4FA /* GhostView.swift */,
				38C8AB3C2CE56A92000EB4FA /* UnderlinedTextField.swift */,
			);
			path = Common;
			sourceTree = "<group>";
		};
		38C8AB3E2CE57078000EB4FA /* TransactionView */ = {
			isa = PBXGroup;
			children = (
				38C8AB352CE55F28000EB4FA /* TransactionContentView.swift */,
			);
			path = TransactionView;
			sourceTree = "<group>";
		};
		38C8AB3F2CE5708D000EB4FA /* ScannerView */ = {
			isa = PBXGroup;
			children = (
				38C8AB402CE570A7000EB4FA /* ScannerView.swift */,
				BBC9E42C2CE7ABB0009BF9F4 /* ScannerViewModel.swift */,
				BB2C51452CEA581900EF8CAC /* IBANSheetView.swift */,
			);
			path = ScannerView;
			sourceTree = "<group>";
		};
		38C8AB522CE57DC7000EB4FA /* Generated */ = {
			isa = PBXGroup;
			children = (
				38C8AB602CE5865A000EB4FA /* Strings+Generated.swift */,
			);
			path = Generated;
			sourceTree = "<group>";
		};
		BBC9E4242CE7A5BF009BF9F4 /* Managers */ = {
			isa = PBXGroup;
			children = (
				BBF10A4C2CF939C6001D8DCE /* IBANValidatorManager.swift */,
				BBF10A3E2CF8F5EC001D8DCE /* TextRecognitionManager.swift */,
				BBC9E4252CE7A5EE009BF9F4 /* CameraManager.swift */,
			);
			path = Managers;
			sourceTree = "<group>";
		};
		BBC9E4272CE7A77E009BF9F4 /* Extensions */ = {
			isa = PBXGroup;
			children = (
				BBF10A462CF90503001D8DCE /* CIImageExtension.swift */,
				BBC9E4282CE7A79E009BF9F4 /* CMSampleBufferExtension.swift */,
				BB2C51432CEA32BB00EF8CAC /* StringExtension.swift */,
			);
			path = Extensions;
			sourceTree = "<group>";
		};
		D55D306B893A31E9677A073E /* Frameworks */ = {
			isa = PBXGroup;
			children = (
				BB2C51392CE8169D00EF8CAC /* libc++.tbd */,
				74D0D04C6282B9249F32460B /* Pods_IbanRecognizer.framework */,
				BFCD10E68A847581522EF8A0 /* Pods_IbanRecognizer_IbanRecognizerUITests.framework */,
				5A31180EE86C3DF78D486A32 /* Pods_IbanRecognizerTests.framework */,
			);
			name = Frameworks;
			sourceTree = "<group>";
		};
		E10FC7BCCC07558A9438B68F /* Pods */ = {
			isa = PBXGroup;
			children = (
				96F10EE3A7FE769DC587BCA5 /* Pods-IbanRecognizer.debug.xcconfig */,
				2CD3F37E58725E6B0053420C /* Pods-IbanRecognizer.release.xcconfig */,
				5CD94295C49CFC8BEECBE590 /* Pods-IbanRecognizer-IbanRecognizerUITests.debug.xcconfig */,
				ACD7EFA825B33141F1154693 /* Pods-IbanRecognizer-IbanRecognizerUITests.release.xcconfig */,
				6AF2D1DBA9B3329A793A9FF6 /* Pods-IbanRecognizerTests.debug.xcconfig */,
				A044186BD53B347AE9BD222C /* Pods-IbanRecognizerTests.release.xcconfig */,
			);
			path = Pods;
			sourceTree = "<group>";
		};
/* End PBXGroup section */

/* Begin PBXNativeTarget section */
		38C8AB042CE52C2F000EB4FA /* IbanRecognizer */ = {
			isa = PBXNativeTarget;
			buildConfigurationList = 38C8AB292CE52C32000EB4FA /* Build configuration list for PBXNativeTarget "IbanRecognizer" */;
			buildPhases = (
				FF0C74D772A73E66E11DAD51 /* [CP] Check Pods Manifest.lock */,
				38C8AB012CE52C2F000EB4FA /* Sources */,
				38C8AB022CE52C2F000EB4FA /* Frameworks */,
				38C8AB032CE52C2F000EB4FA /* Resources */,
				38C8AB532CE580C0000EB4FA /* SwiftGen Script */,
				BBF10A4E2CF94F24001D8DCE /* swiftlint Script */,
				BBF10A4F2CF950B4001D8DCE /* swiftformat Script */,
			);
			buildRules = (
			);
			dependencies = (
			);
			name = IbanRecognizer;
			productName = IbanRecognizer;
			productReference = 38C8AB052CE52C2F000EB4FA /* IbanRecognizer.app */;
			productType = "com.apple.product-type.application";
		};
		38C8AB142CE52C31000EB4FA /* IbanRecognizerTests */ = {
			isa = PBXNativeTarget;
			buildConfigurationList = 38C8AB2C2CE52C32000EB4FA /* Build configuration list for PBXNativeTarget "IbanRecognizerTests" */;
			buildPhases = (
				2A7E00BCDACB97221C151D39 /* [CP] Check Pods Manifest.lock */,
				38C8AB112CE52C31000EB4FA /* Sources */,
				38C8AB122CE52C31000EB4FA /* Frameworks */,
				38C8AB132CE52C31000EB4FA /* Resources */,
			);
			buildRules = (
			);
			dependencies = (
				38C8AB172CE52C31000EB4FA /* PBXTargetDependency */,
			);
			name = IbanRecognizerTests;
			productName = IbanRecognizerTests;
			productReference = 38C8AB152CE52C31000EB4FA /* IbanRecognizerTests.xctest */;
			productType = "com.apple.product-type.bundle.unit-test";
		};
		38C8AB1E2CE52C32000EB4FA /* IbanRecognizerUITests */ = {
			isa = PBXNativeTarget;
			buildConfigurationList = 38C8AB2F2CE52C32000EB4FA /* Build configuration list for PBXNativeTarget "IbanRecognizerUITests" */;
			buildPhases = (
				84EAD072D3C765F2516FAEA7 /* [CP] Check Pods Manifest.lock */,
				38C8AB1B2CE52C32000EB4FA /* Sources */,
				38C8AB1C2CE52C32000EB4FA /* Frameworks */,
				38C8AB1D2CE52C32000EB4FA /* Resources */,
			);
			buildRules = (
			);
			dependencies = (
				38C8AB212CE52C32000EB4FA /* PBXTargetDependency */,
			);
			name = IbanRecognizerUITests;
			productName = IbanRecognizerUITests;
			productReference = 38C8AB1F2CE52C32000EB4FA /* IbanRecognizerUITests.xctest */;
			productType = "com.apple.product-type.bundle.ui-testing";
		};
/* End PBXNativeTarget section */

/* Begin PBXProject section */
		38C8AAFD2CE52C2F000EB4FA /* Project object */ = {
			isa = PBXProject;
			attributes = {
				BuildIndependentTargetsInParallel = 1;
				LastSwiftUpdateCheck = 1420;
				LastUpgradeCheck = 1610;
				TargetAttributes = {
					38C8AB042CE52C2F000EB4FA = {
						CreatedOnToolsVersion = 14.2;
					};
					38C8AB142CE52C31000EB4FA = {
						CreatedOnToolsVersion = 14.2;
						TestTargetID = 38C8AB042CE52C2F000EB4FA;
					};
					38C8AB1E2CE52C32000EB4FA = {
						CreatedOnToolsVersion = 14.2;
						TestTargetID = 38C8AB042CE52C2F000EB4FA;
					};
				};
			};
			buildConfigurationList = 38C8AB002CE52C2F000EB4FA /* Build configuration list for PBXProject "IbanRecognizer" */;
			compatibilityVersion = "Xcode 14.0";
			developmentRegion = en;
			hasScannedForEncodings = 0;
			knownRegions = (
				en,
				Base,
			);
			mainGroup = 38C8AAFC2CE52C2F000EB4FA;
			productRefGroup = 38C8AB062CE52C2F000EB4FA /* Products */;
			projectDirPath = "";
			projectRoot = "";
			targets = (
				38C8AB042CE52C2F000EB4FA /* IbanRecognizer */,
				38C8AB142CE52C31000EB4FA /* IbanRecognizerTests */,
				38C8AB1E2CE52C32000EB4FA /* IbanRecognizerUITests */,
			);
		};
/* End PBXProject section */

/* Begin PBXResourcesBuildPhase section */
		38C8AB032CE52C2F000EB4FA /* Resources */ = {
			isa = PBXResourcesBuildPhase;
			buildActionMask = 2147483647;
			files = (
				38C8AB102CE52C31000EB4FA /* Preview Assets.xcassets in Resources */,
				38C8AB5F2CE584E9000EB4FA /* Localizable.strings in Resources */,
				38C8AB0D2CE52C31000EB4FA /* Assets.xcassets in Resources */,
				38C8AB512CE57D6F000EB4FA /* swiftgen.yml in Resources */,
			);
			runOnlyForDeploymentPostprocessing = 0;
		};
		38C8AB132CE52C31000EB4FA /* Resources */ = {
			isa = PBXResourcesBuildPhase;
			buildActionMask = 2147483647;
			files = (
			);
			runOnlyForDeploymentPostprocessing = 0;
		};
		38C8AB1D2CE52C32000EB4FA /* Resources */ = {
			isa = PBXResourcesBuildPhase;
			buildActionMask = 2147483647;
			files = (
			);
			runOnlyForDeploymentPostprocessing = 0;
		};
/* End PBXResourcesBuildPhase section */

/* Begin PBXShellScriptBuildPhase section */
		2A7E00BCDACB97221C151D39 /* [CP] Check Pods Manifest.lock */ = {
			isa = PBXShellScriptBuildPhase;
			buildActionMask = 2147483647;
			files = (
			);
			inputFileListPaths = (
			);
			inputPaths = (
				"${PODS_PODFILE_DIR_PATH}/Podfile.lock",
				"${PODS_ROOT}/Manifest.lock",
			);
			name = "[CP] Check Pods Manifest.lock";
			outputFileListPaths = (
			);
			outputPaths = (
				"$(DERIVED_FILE_DIR)/Pods-IbanRecognizerTests-checkManifestLockResult.txt",
			);
			runOnlyForDeploymentPostprocessing = 0;
			shellPath = /bin/sh;
			shellScript = "diff \"${PODS_PODFILE_DIR_PATH}/Podfile.lock\" \"${PODS_ROOT}/Manifest.lock\" > /dev/null\nif [ $? != 0 ] ; then\n    # print error to STDERR\n    echo \"error: The sandbox is not in sync with the Podfile.lock. Run 'pod install' or update your CocoaPods installation.\" >&2\n    exit 1\nfi\n# This output is used by Xcode 'outputs' to avoid re-running this script phase.\necho \"SUCCESS\" > \"${SCRIPT_OUTPUT_FILE_0}\"\n";
			showEnvVarsInLog = 0;
		};
		38C8AB532CE580C0000EB4FA /* SwiftGen Script */ = {
			isa = PBXShellScriptBuildPhase;
			buildActionMask = 2147483647;
			files = (
			);
			inputFileListPaths = (
			);
			inputPaths = (
			);
			name = "SwiftGen Script";
			outputFileListPaths = (
			);
			outputPaths = (
			);
			runOnlyForDeploymentPostprocessing = 0;
			shellPath = /bin/sh;
			shellScript = "if [[ -f \"${PODS_ROOT}/SwiftGen/bin/swiftgen\" ]]; then\n  \"${PODS_ROOT}/SwiftGen/bin/swiftgen\"\nelse\n  echo \"warning: SwiftGen is not installed. Run 'pod install --repo-update' to install it.\"\nfi\n";
		};
		84EAD072D3C765F2516FAEA7 /* [CP] Check Pods Manifest.lock */ = {
			isa = PBXShellScriptBuildPhase;
			buildActionMask = 2147483647;
			files = (
			);
			inputFileListPaths = (
			);
			inputPaths = (
				"${PODS_PODFILE_DIR_PATH}/Podfile.lock",
				"${PODS_ROOT}/Manifest.lock",
			);
			name = "[CP] Check Pods Manifest.lock";
			outputFileListPaths = (
			);
			outputPaths = (
				"$(DERIVED_FILE_DIR)/Pods-IbanRecognizer-IbanRecognizerUITests-checkManifestLockResult.txt",
			);
			runOnlyForDeploymentPostprocessing = 0;
			shellPath = /bin/sh;
			shellScript = "diff \"${PODS_PODFILE_DIR_PATH}/Podfile.lock\" \"${PODS_ROOT}/Manifest.lock\" > /dev/null\nif [ $? != 0 ] ; then\n    # print error to STDERR\n    echo \"error: The sandbox is not in sync with the Podfile.lock. Run 'pod install' or update your CocoaPods installation.\" >&2\n    exit 1\nfi\n# This output is used by Xcode 'outputs' to avoid re-running this script phase.\necho \"SUCCESS\" > \"${SCRIPT_OUTPUT_FILE_0}\"\n";
			showEnvVarsInLog = 0;
		};
		BBF10A4E2CF94F24001D8DCE /* swiftlint Script */ = {
			isa = PBXShellScriptBuildPhase;
			buildActionMask = 2147483647;
			files = (
			);
			inputFileListPaths = (
			);
			inputPaths = (
			);
			name = "swiftlint Script";
			outputFileListPaths = (
			);
			outputPaths = (
			);
			runOnlyForDeploymentPostprocessing = 0;
			shellPath = /bin/sh;
			shellScript = "# Type a script or drag a script file from your workspace to insert its path.\nif [[ \"${CONFIGURATION}\" == \"Debug\" ]]; then\n  echo \"execute swiftlint\"\n  \"${PODS_ROOT}/SwiftLint/swiftlint\"\nfi\n";
		};
		BBF10A4F2CF950B4001D8DCE /* swiftformat Script */ = {
			isa = PBXShellScriptBuildPhase;
			buildActionMask = 2147483647;
			files = (
			);
			inputFileListPaths = (
			);
			inputPaths = (
			);
			name = "swiftformat Script";
			outputFileListPaths = (
			);
			outputPaths = (
			);
			runOnlyForDeploymentPostprocessing = 0;
			shellPath = /bin/sh;
			shellScript = "# Type a script or drag a script file from your workspace to insert its path.\nif [[ \"${CONFIGURATION}\" == \"Debug\" ]]; then\n  echo \"execute swiftFormat\"\n  \"${PODS_ROOT}/SwiftFormat/CommandLineTool/swiftformat\" \"$SRCROOT\"\nfi\n";
		};
		FF0C74D772A73E66E11DAD51 /* [CP] Check Pods Manifest.lock */ = {
			isa = PBXShellScriptBuildPhase;
			buildActionMask = 2147483647;
			files = (
			);
			inputFileListPaths = (
			);
			inputPaths = (
				"${PODS_PODFILE_DIR_PATH}/Podfile.lock",
				"${PODS_ROOT}/Manifest.lock",
			);
			name = "[CP] Check Pods Manifest.lock";
			outputFileListPaths = (
			);
			outputPaths = (
				"$(DERIVED_FILE_DIR)/Pods-IbanRecognizer-checkManifestLockResult.txt",
			);
			runOnlyForDeploymentPostprocessing = 0;
			shellPath = /bin/sh;
			shellScript = "diff \"${PODS_PODFILE_DIR_PATH}/Podfile.lock\" \"${PODS_ROOT}/Manifest.lock\" > /dev/null\nif [ $? != 0 ] ; then\n    # print error to STDERR\n    echo \"error: The sandbox is not in sync with the Podfile.lock. Run 'pod install' or update your CocoaPods installation.\" >&2\n    exit 1\nfi\n# This output is used by Xcode 'outputs' to avoid re-running this script phase.\necho \"SUCCESS\" > \"${SCRIPT_OUTPUT_FILE_0}\"\n";
			showEnvVarsInLog = 0;
		};
/* End PBXShellScriptBuildPhase section */

/* Begin PBXSourcesBuildPhase section */
		38C8AB012CE52C2F000EB4FA /* Sources */ = {
			isa = PBXSourcesBuildPhase;
			buildActionMask = 2147483647;
			files = (
				38C8AB3D2CE56A92000EB4FA /* UnderlinedTextField.swift in Sources */,
				38C8AB0B2CE52C2F000EB4FA /* ContentView.swift in Sources */,
				BBC9E42D2CE7ABB0009BF9F4 /* ScannerViewModel.swift in Sources */,
				BBF10A472CF90503001D8DCE /* CIImageExtension.swift in Sources */,
				38C8AB372CE56080000EB4FA /* TransactionContentView.swift in Sources */,
				38C8AB412CE570A7000EB4FA /* ScannerView.swift in Sources */,
				BB2C51462CEA581900EF8CAC /* IBANSheetView.swift in Sources */,
				BBC9E4292CE7A79E009BF9F4 /* CMSampleBufferExtension.swift in Sources */,
				38C8AB612CE5865A000EB4FA /* Strings+Generated.swift in Sources */,
				BB2C514A2CEBC1BC00EF8CAC /* CameraManager.swift in Sources */,
				38C8AB3B2CE56793000EB4FA /* GhostView.swift in Sources */,
				BBF10A4D2CF939C7001D8DCE /* IBANValidatorManager.swift in Sources */,
				38C8AB092CE52C2F000EB4FA /* IbanRecognizerApp.swift in Sources */,
				BB2C51442CEA32BB00EF8CAC /* StringExtension.swift in Sources */,
				BBF10A3F2CF8F5EC001D8DCE /* TextRecognitionManager.swift in Sources */,
			);
			runOnlyForDeploymentPostprocessing = 0;
		};
		38C8AB112CE52C31000EB4FA /* Sources */ = {
			isa = PBXSourcesBuildPhase;
			buildActionMask = 2147483647;
			files = (
				BB2C51482CEBBDCB00EF8CAC /* CameraManagerTests.swift in Sources */,
				BB2C51542CECE34000EF8CAC /* ScannerViewTests.swift in Sources */,
				BBF10A4B2CF919C9001D8DCE /* TextRecognitionManagerTests.swift in Sources */,
				38C8AB1A2CE52C31000EB4FA /* IbanRecognizerTests.swift in Sources */,
				BB2C51562CECE70100EF8CAC /* ScannerViewModelTests.swift in Sources */,
			);
			runOnlyForDeploymentPostprocessing = 0;
		};
		38C8AB1B2CE52C32000EB4FA /* Sources */ = {
			isa = PBXSourcesBuildPhase;
			buildActionMask = 2147483647;
			files = (
				38C8AB262CE52C32000EB4FA /* IbanRecognizerUITestsLaunchTests.swift in Sources */,
				38C8AB242CE52C32000EB4FA /* IbanRecognizerUITests.swift in Sources */,
			);
			runOnlyForDeploymentPostprocessing = 0;
		};
/* End PBXSourcesBuildPhase section */

/* Begin PBXTargetDependency section */
		38C8AB172CE52C31000EB4FA /* PBXTargetDependency */ = {
			isa = PBXTargetDependency;
			target = 38C8AB042CE52C2F000EB4FA /* IbanRecognizer */;
			targetProxy = 38C8AB162CE52C31000EB4FA /* PBXContainerItemProxy */;
		};
		38C8AB212CE52C32000EB4FA /* PBXTargetDependency */ = {
			isa = PBXTargetDependency;
			target = 38C8AB042CE52C2F000EB4FA /* IbanRecognizer */;
			targetProxy = 38C8AB202CE52C32000EB4FA /* PBXContainerItemProxy */;
		};
/* End PBXTargetDependency section */

/* Begin PBXVariantGroup section */
		38C8AB5D2CE584E9000EB4FA /* Localizable.strings */ = {
			isa = PBXVariantGroup;
			children = (
				38C8AB5E2CE584E9000EB4FA /* Base */,
			);
			name = Localizable.strings;
			sourceTree = "<group>";
		};
/* End PBXVariantGroup section */

/* Begin XCBuildConfiguration section */
		38C8AB272CE52C32000EB4FA /* Debug */ = {
			isa = XCBuildConfiguration;
			buildSettings = {
				ALWAYS_SEARCH_USER_PATHS = NO;
				ASSETCATALOG_COMPILER_GENERATE_SWIFT_ASSET_SYMBOL_EXTENSIONS = YES;
				CLANG_ANALYZER_LOCALIZABILITY_NONLOCALIZED = YES;
				CLANG_ANALYZER_NONNULL = YES;
				CLANG_ANALYZER_NUMBER_OBJECT_CONVERSION = YES_AGGRESSIVE;
				CLANG_CXX_LANGUAGE_STANDARD = "gnu++20";
				CLANG_ENABLE_MODULES = YES;
				CLANG_ENABLE_OBJC_ARC = YES;
				CLANG_ENABLE_OBJC_WEAK = YES;
				CLANG_WARN_BLOCK_CAPTURE_AUTORELEASING = YES;
				CLANG_WARN_BOOL_CONVERSION = YES;
				CLANG_WARN_COMMA = YES;
				CLANG_WARN_CONSTANT_CONVERSION = YES;
				CLANG_WARN_DEPRECATED_OBJC_IMPLEMENTATIONS = YES;
				CLANG_WARN_DIRECT_OBJC_ISA_USAGE = YES_ERROR;
				CLANG_WARN_DOCUMENTATION_COMMENTS = YES;
				CLANG_WARN_EMPTY_BODY = YES;
				CLANG_WARN_ENUM_CONVERSION = YES;
				CLANG_WARN_INFINITE_RECURSION = YES;
				CLANG_WARN_INT_CONVERSION = YES;
				CLANG_WARN_NON_LITERAL_NULL_CONVERSION = YES;
				CLANG_WARN_OBJC_IMPLICIT_RETAIN_SELF = YES;
				CLANG_WARN_OBJC_LITERAL_CONVERSION = YES;
				CLANG_WARN_OBJC_ROOT_CLASS = YES_ERROR;
				CLANG_WARN_QUOTED_INCLUDE_IN_FRAMEWORK_HEADER = YES;
				CLANG_WARN_RANGE_LOOP_ANALYSIS = YES;
				CLANG_WARN_STRICT_PROTOTYPES = YES;
				CLANG_WARN_SUSPICIOUS_MOVE = YES;
				CLANG_WARN_UNGUARDED_AVAILABILITY = YES_AGGRESSIVE;
				CLANG_WARN_UNREACHABLE_CODE = YES;
				CLANG_WARN__DUPLICATE_METHOD_MATCH = YES;
				COPY_PHASE_STRIP = NO;
				DEBUG_INFORMATION_FORMAT = dwarf;
				ENABLE_STRICT_OBJC_MSGSEND = YES;
				ENABLE_TESTABILITY = YES;
				GCC_C_LANGUAGE_STANDARD = gnu11;
				GCC_DYNAMIC_NO_PIC = NO;
				GCC_NO_COMMON_BLOCKS = YES;
				GCC_OPTIMIZATION_LEVEL = 0;
				GCC_PREPROCESSOR_DEFINITIONS = (
					"DEBUG=1",
					"$(inherited)",
				);
				GCC_WARN_64_TO_32_BIT_CONVERSION = YES;
				GCC_WARN_ABOUT_RETURN_TYPE = YES_ERROR;
				GCC_WARN_UNDECLARED_SELECTOR = YES;
				GCC_WARN_UNINITIALIZED_AUTOS = YES_AGGRESSIVE;
				GCC_WARN_UNUSED_FUNCTION = YES;
				GCC_WARN_UNUSED_VARIABLE = YES;
				IPHONEOS_DEPLOYMENT_TARGET = 16.2;
				MTL_ENABLE_DEBUG_INFO = INCLUDE_SOURCE;
				MTL_FAST_MATH = YES;
				ONLY_ACTIVE_ARCH = YES;
				SDKROOT = iphoneos;
				SWIFT_ACTIVE_COMPILATION_CONDITIONS = DEBUG;
				SWIFT_OPTIMIZATION_LEVEL = "-Onone";
			};
			name = Debug;
		};
		38C8AB282CE52C32000EB4FA /* Release */ = {
			isa = XCBuildConfiguration;
			buildSettings = {
				ALWAYS_SEARCH_USER_PATHS = NO;
				ASSETCATALOG_COMPILER_GENERATE_SWIFT_ASSET_SYMBOL_EXTENSIONS = YES;
				CLANG_ANALYZER_LOCALIZABILITY_NONLOCALIZED = YES;
				CLANG_ANALYZER_NONNULL = YES;
				CLANG_ANALYZER_NUMBER_OBJECT_CONVERSION = YES_AGGRESSIVE;
				CLANG_CXX_LANGUAGE_STANDARD = "gnu++20";
				CLANG_ENABLE_MODULES = YES;
				CLANG_ENABLE_OBJC_ARC = YES;
				CLANG_ENABLE_OBJC_WEAK = YES;
				CLANG_WARN_BLOCK_CAPTURE_AUTORELEASING = YES;
				CLANG_WARN_BOOL_CONVERSION = YES;
				CLANG_WARN_COMMA = YES;
				CLANG_WARN_CONSTANT_CONVERSION = YES;
				CLANG_WARN_DEPRECATED_OBJC_IMPLEMENTATIONS = YES;
				CLANG_WARN_DIRECT_OBJC_ISA_USAGE = YES_ERROR;
				CLANG_WARN_DOCUMENTATION_COMMENTS = YES;
				CLANG_WARN_EMPTY_BODY = YES;
				CLANG_WARN_ENUM_CONVERSION = YES;
				CLANG_WARN_INFINITE_RECURSION = YES;
				CLANG_WARN_INT_CONVERSION = YES;
				CLANG_WARN_NON_LITERAL_NULL_CONVERSION = YES;
				CLANG_WARN_OBJC_IMPLICIT_RETAIN_SELF = YES;
				CLANG_WARN_OBJC_LITERAL_CONVERSION = YES;
				CLANG_WARN_OBJC_ROOT_CLASS = YES_ERROR;
				CLANG_WARN_QUOTED_INCLUDE_IN_FRAMEWORK_HEADER = YES;
				CLANG_WARN_RANGE_LOOP_ANALYSIS = YES;
				CLANG_WARN_STRICT_PROTOTYPES = YES;
				CLANG_WARN_SUSPICIOUS_MOVE = YES;
				CLANG_WARN_UNGUARDED_AVAILABILITY = YES_AGGRESSIVE;
				CLANG_WARN_UNREACHABLE_CODE = YES;
				CLANG_WARN__DUPLICATE_METHOD_MATCH = YES;
				COPY_PHASE_STRIP = NO;
				DEBUG_INFORMATION_FORMAT = "dwarf-with-dsym";
				ENABLE_NS_ASSERTIONS = NO;
				ENABLE_STRICT_OBJC_MSGSEND = YES;
				GCC_C_LANGUAGE_STANDARD = gnu11;
				GCC_NO_COMMON_BLOCKS = YES;
				GCC_WARN_64_TO_32_BIT_CONVERSION = YES;
				GCC_WARN_ABOUT_RETURN_TYPE = YES_ERROR;
				GCC_WARN_UNDECLARED_SELECTOR = YES;
				GCC_WARN_UNINITIALIZED_AUTOS = YES_AGGRESSIVE;
				GCC_WARN_UNUSED_FUNCTION = YES;
				GCC_WARN_UNUSED_VARIABLE = YES;
				IPHONEOS_DEPLOYMENT_TARGET = 16.2;
				MTL_ENABLE_DEBUG_INFO = NO;
				MTL_FAST_MATH = YES;
				SDKROOT = iphoneos;
				SWIFT_COMPILATION_MODE = wholemodule;
				SWIFT_OPTIMIZATION_LEVEL = "-O";
				VALIDATE_PRODUCT = YES;
			};
			name = Release;
		};
		38C8AB2A2CE52C32000EB4FA /* Debug */ = {
			isa = XCBuildConfiguration;
			baseConfigurationReference = 96F10EE3A7FE769DC587BCA5 /* Pods-IbanRecognizer.debug.xcconfig */;
			buildSettings = {
				ASSETCATALOG_COMPILER_APPICON_NAME = AppIcon;
				ASSETCATALOG_COMPILER_GLOBAL_ACCENT_COLOR_NAME = AccentColor;
				CODE_SIGN_STYLE = Automatic;
				CURRENT_PROJECT_VERSION = 1;
				DEVELOPMENT_ASSET_PATHS = "\"IbanRecognizer/Preview Content\"";
				DEVELOPMENT_TEAM = 57DE82B8RS;
				ENABLE_PREVIEWS = YES;
				GENERATE_INFOPLIST_FILE = YES;
				INFOPLIST_KEY_LSApplicationCategoryType = "public.app-category.finance";
				INFOPLIST_KEY_NSCameraUsageDescription = "Pour scanner l'IBAN, nous avons besoin d'accéder à votre caméra.\nVeuillez accepter l'autorisations, cela permet de garantir un moyen rapide et sécurisé de capturer les informations sans saisie manuelle.";
				INFOPLIST_KEY_UIApplicationSceneManifest_Generation = YES;
				INFOPLIST_KEY_UIApplicationSupportsIndirectInputEvents = YES;
				INFOPLIST_KEY_UILaunchScreen_Generation = YES;
				INFOPLIST_KEY_UISupportedInterfaceOrientations = UIInterfaceOrientationPortrait;
				IPHONEOS_DEPLOYMENT_TARGET = 17.0;
				LD_RUNPATH_SEARCH_PATHS = (
					"$(inherited)",
					"@executable_path/Frameworks",
				);
				MARKETING_VERSION = 1.0;
				PRODUCT_BUNDLE_IDENTIFIER = hamza.soua.IbanRecognizer;
				PRODUCT_NAME = "$(TARGET_NAME)";
				SUPPORTED_PLATFORMS = "iphoneos iphonesimulator";
				SUPPORTS_MACCATALYST = NO;
				SUPPORTS_MAC_DESIGNED_FOR_IPHONE_IPAD = NO;
				SUPPORTS_XR_DESIGNED_FOR_IPHONE_IPAD = NO;
				SWIFT_EMIT_LOC_STRINGS = YES;
				SWIFT_VERSION = 5.0;
				TARGETED_DEVICE_FAMILY = 1;
			};
			name = Debug;
		};
		38C8AB2B2CE52C32000EB4FA /* Release */ = {
			isa = XCBuildConfiguration;
			baseConfigurationReference = 2CD3F37E58725E6B0053420C /* Pods-IbanRecognizer.release.xcconfig */;
			buildSettings = {
				ASSETCATALOG_COMPILER_APPICON_NAME = AppIcon;
				ASSETCATALOG_COMPILER_GLOBAL_ACCENT_COLOR_NAME = AccentColor;
				CODE_SIGN_STYLE = Automatic;
				CURRENT_PROJECT_VERSION = 1;
				DEVELOPMENT_ASSET_PATHS = "\"IbanRecognizer/Preview Content\"";
				DEVELOPMENT_TEAM = 57DE82B8RS;
				ENABLE_PREVIEWS = YES;
				GENERATE_INFOPLIST_FILE = YES;
				INFOPLIST_KEY_LSApplicationCategoryType = "public.app-category.finance";
				INFOPLIST_KEY_NSCameraUsageDescription = "Pour scanner l'IBAN, nous avons besoin d'accéder à votre caméra.\nVeuillez accepter l'autorisations, cela permet de garantir un moyen rapide et sécurisé de capturer les informations sans saisie manuelle.";
				INFOPLIST_KEY_UIApplicationSceneManifest_Generation = YES;
				INFOPLIST_KEY_UIApplicationSupportsIndirectInputEvents = YES;
				INFOPLIST_KEY_UILaunchScreen_Generation = YES;
				INFOPLIST_KEY_UISupportedInterfaceOrientations = UIInterfaceOrientationPortrait;
				IPHONEOS_DEPLOYMENT_TARGET = 17.0;
				LD_RUNPATH_SEARCH_PATHS = (
					"$(inherited)",
					"@executable_path/Frameworks",
				);
				MARKETING_VERSION = 1.0;
				PRODUCT_BUNDLE_IDENTIFIER = hamza.soua.IbanRecognizer;
				PRODUCT_NAME = "$(TARGET_NAME)";
				SUPPORTED_PLATFORMS = "iphoneos iphonesimulator";
				SUPPORTS_MACCATALYST = NO;
				SUPPORTS_MAC_DESIGNED_FOR_IPHONE_IPAD = NO;
				SUPPORTS_XR_DESIGNED_FOR_IPHONE_IPAD = NO;
				SWIFT_EMIT_LOC_STRINGS = YES;
				SWIFT_VERSION = 5.0;
				TARGETED_DEVICE_FAMILY = 1;
			};
			name = Release;
		};
		38C8AB2D2CE52C32000EB4FA /* Debug */ = {
			isa = XCBuildConfiguration;
			baseConfigurationReference = 6AF2D1DBA9B3329A793A9FF6 /* Pods-IbanRecognizerTests.debug.xcconfig */;
			buildSettings = {
				BUNDLE_LOADER = "$(TEST_HOST)";
				CODE_SIGN_STYLE = Automatic;
				CURRENT_PROJECT_VERSION = 1;
				DEVELOPMENT_TEAM = 57DE82B8RS;
				GENERATE_INFOPLIST_FILE = YES;
				IPHONEOS_DEPLOYMENT_TARGET = 17.0;
				MARKETING_VERSION = 1.0;
				PRODUCT_BUNDLE_IDENTIFIER = hamza.soua.IbanRecognizerTests;
				PRODUCT_NAME = "$(TARGET_NAME)";
				SWIFT_EMIT_LOC_STRINGS = NO;
				SWIFT_VERSION = 5.0;
				TARGETED_DEVICE_FAMILY = "1,2";
				TEST_HOST = "$(BUILT_PRODUCTS_DIR)/IbanRecognizer.app/$(BUNDLE_EXECUTABLE_FOLDER_PATH)/IbanRecognizer";
			};
			name = Debug;
		};
		38C8AB2E2CE52C32000EB4FA /* Release */ = {
			isa = XCBuildConfiguration;
			baseConfigurationReference = A044186BD53B347AE9BD222C /* Pods-IbanRecognizerTests.release.xcconfig */;
			buildSettings = {
				BUNDLE_LOADER = "$(TEST_HOST)";
				CODE_SIGN_STYLE = Automatic;
				CURRENT_PROJECT_VERSION = 1;
				DEVELOPMENT_TEAM = 57DE82B8RS;
				GENERATE_INFOPLIST_FILE = YES;
				IPHONEOS_DEPLOYMENT_TARGET = 17.0;
				MARKETING_VERSION = 1.0;
				PRODUCT_BUNDLE_IDENTIFIER = hamza.soua.IbanRecognizerTests;
				PRODUCT_NAME = "$(TARGET_NAME)";
				SWIFT_EMIT_LOC_STRINGS = NO;
				SWIFT_VERSION = 5.0;
				TARGETED_DEVICE_FAMILY = "1,2";
				TEST_HOST = "$(BUILT_PRODUCTS_DIR)/IbanRecognizer.app/$(BUNDLE_EXECUTABLE_FOLDER_PATH)/IbanRecognizer";
			};
			name = Release;
		};
		38C8AB302CE52C32000EB4FA /* Debug */ = {
			isa = XCBuildConfiguration;
			baseConfigurationReference = 5CD94295C49CFC8BEECBE590 /* Pods-IbanRecognizer-IbanRecognizerUITests.debug.xcconfig */;
			buildSettings = {
				CODE_SIGN_STYLE = Automatic;
				CURRENT_PROJECT_VERSION = 1;
				DEVELOPMENT_TEAM = 57DE82B8RS;
				GENERATE_INFOPLIST_FILE = YES;
				IPHONEOS_DEPLOYMENT_TARGET = 17.0;
				MARKETING_VERSION = 1.0;
				PRODUCT_BUNDLE_IDENTIFIER = hamza.soua.IbanRecognizerUITests;
				PRODUCT_NAME = "$(TARGET_NAME)";
				SWIFT_EMIT_LOC_STRINGS = NO;
				SWIFT_VERSION = 5.0;
				TARGETED_DEVICE_FAMILY = "1,2";
				TEST_TARGET_NAME = IbanRecognizer;
			};
			name = Debug;
		};
		38C8AB312CE52C32000EB4FA /* Release */ = {
			isa = XCBuildConfiguration;
			baseConfigurationReference = ACD7EFA825B33141F1154693 /* Pods-IbanRecognizer-IbanRecognizerUITests.release.xcconfig */;
			buildSettings = {
				CODE_SIGN_STYLE = Automatic;
				CURRENT_PROJECT_VERSION = 1;
				DEVELOPMENT_TEAM = 57DE82B8RS;
				GENERATE_INFOPLIST_FILE = YES;
				IPHONEOS_DEPLOYMENT_TARGET = 17.0;
				MARKETING_VERSION = 1.0;
				PRODUCT_BUNDLE_IDENTIFIER = hamza.soua.IbanRecognizerUITests;
				PRODUCT_NAME = "$(TARGET_NAME)";
				SWIFT_EMIT_LOC_STRINGS = NO;
				SWIFT_VERSION = 5.0;
				TARGETED_DEVICE_FAMILY = "1,2";
				TEST_TARGET_NAME = IbanRecognizer;
			};
			name = Release;
		};
/* End XCBuildConfiguration section */

/* Begin XCConfigurationList section */
		38C8AB002CE52C2F000EB4FA /* Build configuration list for PBXProject "IbanRecognizer" */ = {
			isa = XCConfigurationList;
			buildConfigurations = (
				38C8AB272CE52C32000EB4FA /* Debug */,
				38C8AB282CE52C32000EB4FA /* Release */,
			);
			defaultConfigurationIsVisible = 0;
			defaultConfigurationName = Release;
		};
		38C8AB292CE52C32000EB4FA /* Build configuration list for PBXNativeTarget "IbanRecognizer" */ = {
			isa = XCConfigurationList;
			buildConfigurations = (
				38C8AB2A2CE52C32000EB4FA /* Debug */,
				38C8AB2B2CE52C32000EB4FA /* Release */,
			);
			defaultConfigurationIsVisible = 0;
			defaultConfigurationName = Release;
		};
		38C8AB2C2CE52C32000EB4FA /* Build configuration list for PBXNativeTarget "IbanRecognizerTests" */ = {
			isa = XCConfigurationList;
			buildConfigurations = (
				38C8AB2D2CE52C32000EB4FA /* Debug */,
				38C8AB2E2CE52C32000EB4FA /* Release */,
			);
			defaultConfigurationIsVisible = 0;
			defaultConfigurationName = Release;
		};
		38C8AB2F2CE52C32000EB4FA /* Build configuration list for PBXNativeTarget "IbanRecognizerUITests" */ = {
			isa = XCConfigurationList;
			buildConfigurations = (
				38C8AB302CE52C32000EB4FA /* Debug */,
				38C8AB312CE52C32000EB4FA /* Release */,
			);
			defaultConfigurationIsVisible = 0;
			defaultConfigurationName = Release;
		};
/* End XCConfigurationList section */
	};
	rootObject = 38C8AAFD2CE52C2F000EB4FA /* Project object */;
}
